
Microsoft Visual Studio Solution File, Format Version 12.00
# Visual Studio 14
VisualStudioVersion = 14.0.23107.0
MinimumVisualStudioVersion = 10.0.40219.1
Project("{8BC9CEB8-8B4A-11D0-8D11-00A0C91BC942}") = "BtreeLib", "BtreeLib.vcxproj", "{B04043EA-40E8-41FB-9A07-5E301BDE25E2}"
EndProject
Project("{8BC9CEB8-8B4A-11D0-8D11-00A0C91BC942}") = "BtreeTest", "..\BtreeTest\BtreeTest.vcxproj", "{E8A1394C-A540-46B7-AF30-7CB841989CB6}"
EndProject
Global
	GlobalSection(SolutionConfigurationPlatforms) = preSolution
		Debug|x64 = Debug|x64
		Debug|x86 = Debug|x86
		Release|x64 = Release|x64
		Release|x86 = Release|x86
	EndGlobalSection
	GlobalSection(ProjectConfigurationPlatforms) = postSolution
		{B04043EA-40E8-41FB-9A07-5E301BDE25E2}.Debug|x64.ActiveCfg = Debug|x64
		{B04043EA-40E8-41FB-9A07-5E301BDE25E2}.Debug|x64.Build.0 = Debug|x64
		{B04043EA-40E8-41FB-9A07-5E301BDE25E2}.Debug|x86.ActiveCfg = Debug|Win32
		{B04043EA-40E8-41FB-9A07-5E301BDE25E2}.Debug|x86.Build.0 = Debug|Win32
		{B04043EA-40E8-41FB-9A07-5E301BDE25E2}.Release|x64.ActiveCfg = Release|x64
		{B04043EA-40E8-41FB-9A07-5E301BDE25E2}.Release|x64.Build.0 = Release|x64
		{B04043EA-40E8-41FB-9A07-5E301BDE25E2}.Release|x86.ActiveCfg = Release|Win32
		{B04043EA-40E8-41FB-9A07-5E301BDE25E2}.Release|x86.Build.0 = Release|Win32
		{E8A1394C-A540-46B7-AF30-7CB841989CB6}.Debug|x64.ActiveCfg = Debug|x64
		{E8A1394C-A540-46B7-AF30-7CB841989CB6}.Debug|x64.Build.0 = Debug|x64
		{E8A1394C-A540-46B7-AF30-7CB841989CB6}.Debug|x86.ActiveCfg = Debug|Win32
		{E8A1394C-A540-46B7-AF30-7CB841989CB6}.Debug|x86.Build.0 = Debug|Win32
		{E8A1394C-A540-46B7-AF30-7CB841989CB6}.Release|x64.ActiveCfg = Release|x64
		{E8A1394C-A540-46B7-AF30-7CB841989CB6}.Release|x64.Build.0 = Release|x64
		{E8A1394C-A540-46B7-AF30-7CB841989CB6}.Release|x86.ActiveCfg = Release|Win32
		{E8A1394C-A540-46B7-AF30-7CB841989CB6}.Release|x86.Build.0 = Release|Win32
	EndGlobalSection
	GlobalSection(SolutionProperties) = preSolution
		HideSolutionNode = FALSE
	EndGlobalSection
EndGlobal
